
Microsoft Visual Studio Solution File, Format Version 12.00
# Visual Studio Version 17
VisualStudioVersion = 17.4.33122.133
MinimumVisualStudioVersion = 10.0.40219.1
Project("{FAE04EC0-301F-11D3-BF4B-00C04F79EFBC}") = "ASPNET_Core_Project", "ASPNET_Core_Project\ASPNET_Core_Project.csproj", "{DB60ECF1-5EFA-47EB-A9A4-B69A4C02A930}"
EndProject
Global
	GlobalSection(SolutionConfigurationPlatforms) = preSolution
		Debug|Any CPU = Debug|Any CPU
		Release|Any CPU = Release|Any CPU
	EndGlobalSection
	GlobalSection(ProjectConfigurationPlatforms) = postSolution
		{DB60ECF1-5EFA-47EB-A9A4-B69A4C02A930}.Debug|Any CPU.ActiveCfg = Debug|Any CPU
		{DB60ECF1-5EFA-47EB-A9A4-B69A4C02A930}.Debug|Any CPU.Build.0 = Debug|Any CPU
		{DB60ECF1-5EFA-47EB-A9A4-B69A4C02A930}.Release|Any CPU.ActiveCfg = Release|Any CPU
		{DB60ECF1-5EFA-47EB-A9A4-B69A4C02A930}.Release|Any CPU.Build.0 = Release|Any CPU
	EndGlobalSection
	GlobalSection(SolutionProperties) = preSolution
		HideSolutionNode = FALSE
	EndGlobalSection
	GlobalSection(ExtensibilityGlobals) = postSolution
		SolutionGuid = {3DC63AD9-A9D0-4AFE-9CCB-2B535882EFC7}
	EndGlobalSection
EndGlobal
